
Microsoft Visual Studio Solution File, Format Version 12.00
# Visual Studio Version 17
VisualStudioVersion = 17.14.36414.22 d17.14
MinimumVisualStudioVersion = 10.0.40219.1
Project("{FAE04EC0-301F-11D3-BF4B-00C04F79EFBC}") = "T3Practica", "T3Practica\T3Practica.csproj", "{CF91CE8C-935D-4454-987D-F3C67DCAEEC5}"
EndProject
Global
	GlobalSection(SolutionConfigurationPlatforms) = preSolution
		Debug|Any CPU = Debug|Any CPU
		Release|Any CPU = Release|Any CPU
	EndGlobalSection
	GlobalSection(ProjectConfigurationPlatforms) = postSolution
		{CF91CE8C-935D-4454-987D-F3C67DCAEEC5}.Debug|Any CPU.ActiveCfg = Debug|Any CPU
		{CF91CE8C-935D-4454-987D-F3C67DCAEEC5}.Debug|Any CPU.Build.0 = Debug|Any CPU
		{CF91CE8C-935D-4454-987D-F3C67DCAEEC5}.Release|Any CPU.ActiveCfg = Release|Any CPU
		{CF91CE8C-935D-4454-987D-F3C67DCAEEC5}.Release|Any CPU.Build.0 = Release|Any CPU
	EndGlobalSection
	GlobalSection(SolutionProperties) = preSolution
		HideSolutionNode = FALSE
	EndGlobalSection
	GlobalSection(ExtensibilityGlobals) = postSolution
		SolutionGuid = {F2F796F7-4D05-42EE-A239-EB7E6C937B15}
	EndGlobalSection
EndGlobal
